
Microsoft Visual Studio Solution File, Format Version 12.00
# Visual Studio Version 17
VisualStudioVersion = 17.4.33213.308
MinimumVisualStudioVersion = 10.0.40219.1
Project("{FAE04EC0-301F-11D3-BF4B-00C04F79EFBC}") = "Solvex_CleanCode_Project", "Solvex_CleanCode_Project\Solvex_CleanCode_Project.csproj", "{9FAA19E2-5FE0-4D6C-A431-387D737C72AF}"
EndProject
Global
	GlobalSection(SolutionConfigurationPlatforms) = preSolution
		Debug|Any CPU = Debug|Any CPU
		Release|Any CPU = Release|Any CPU
	EndGlobalSection
	GlobalSection(ProjectConfigurationPlatforms) = postSolution
		{9FAA19E2-5FE0-4D6C-A431-387D737C72AF}.Debug|Any CPU.ActiveCfg = Debug|Any CPU
		{9FAA19E2-5FE0-4D6C-A431-387D737C72AF}.Debug|Any CPU.Build.0 = Debug|Any CPU
		{9FAA19E2-5FE0-4D6C-A431-387D737C72AF}.Release|Any CPU.ActiveCfg = Release|Any CPU
		{9FAA19E2-5FE0-4D6C-A431-387D737C72AF}.Release|Any CPU.Build.0 = Release|Any CPU
	EndGlobalSection
	GlobalSection(SolutionProperties) = preSolution
		HideSolutionNode = FALSE
	EndGlobalSection
	GlobalSection(ExtensibilityGlobals) = postSolution
		SolutionGuid = {01A99233-B204-43D5-8BC8-C2507F37ED26}
	EndGlobalSection
EndGlobal
