
Microsoft Visual Studio Solution File, Format Version 12.00
# Visual Studio Version 17
VisualStudioVersion = 17.4.33213.308
MinimumVisualStudioVersion = 10.0.40219.1
Project("{9A19103F-16F7-4668-BE54-9A1E7A4F7556}") = "Solvex_CleanCode_Project", "Solvex_CleanCode_Project\Solvex_CleanCode_Project.csproj", "{9FAA19E2-5FE0-4D6C-A431-387D737C72AF}"
EndProject
Project("{9A19103F-16F7-4668-BE54-9A1E7A4F7556}") = "VirtPlatform.Domain", "Domain\VirtPlatform.Domain.csproj", "{502E69A7-E7E6-4871-892D-310DD1BB228A}"
EndProject
Project("{9A19103F-16F7-4668-BE54-9A1E7A4F7556}") = "VirtPlatform.Infrastructure", "VirtPlatform.Infrastructure\VirtPlatform.Infrastructure.csproj", "{DA749B8F-49BC-4909-A6A1-8C2DED24D71C}"
EndProject
Project("{9A19103F-16F7-4668-BE54-9A1E7A4F7556}") = "VirtPlatform.Application", "VirtPlatform.Application\VirtPlatform.Application.csproj", "{DD81B09A-4FDC-4791-9071-51FC83F82574}"
EndProject
Project("{FAE04EC0-301F-11D3-BF4B-00C04F79EFBC}") = "VirtPlatform.Test", "VirtPlatform.Test\VirtPlatform.Test.csproj", "{2734A31B-6D5A-48AF-AFED-C6DAFC8BFD52}"
EndProject
Global
	GlobalSection(SolutionConfigurationPlatforms) = preSolution
		Debug|Any CPU = Debug|Any CPU
		Release|Any CPU = Release|Any CPU
	EndGlobalSection
	GlobalSection(ProjectConfigurationPlatforms) = postSolution
		{9FAA19E2-5FE0-4D6C-A431-387D737C72AF}.Debug|Any CPU.ActiveCfg = Debug|Any CPU
		{9FAA19E2-5FE0-4D6C-A431-387D737C72AF}.Debug|Any CPU.Build.0 = Debug|Any CPU
		{9FAA19E2-5FE0-4D6C-A431-387D737C72AF}.Release|Any CPU.ActiveCfg = Release|Any CPU
		{9FAA19E2-5FE0-4D6C-A431-387D737C72AF}.Release|Any CPU.Build.0 = Release|Any CPU
		{502E69A7-E7E6-4871-892D-310DD1BB228A}.Debug|Any CPU.ActiveCfg = Debug|Any CPU
		{502E69A7-E7E6-4871-892D-310DD1BB228A}.Debug|Any CPU.Build.0 = Debug|Any CPU
		{502E69A7-E7E6-4871-892D-310DD1BB228A}.Release|Any CPU.ActiveCfg = Release|Any CPU
		{502E69A7-E7E6-4871-892D-310DD1BB228A}.Release|Any CPU.Build.0 = Release|Any CPU
		{DA749B8F-49BC-4909-A6A1-8C2DED24D71C}.Debug|Any CPU.ActiveCfg = Debug|Any CPU
		{DA749B8F-49BC-4909-A6A1-8C2DED24D71C}.Debug|Any CPU.Build.0 = Debug|Any CPU
		{DA749B8F-49BC-4909-A6A1-8C2DED24D71C}.Release|Any CPU.ActiveCfg = Release|Any CPU
		{DA749B8F-49BC-4909-A6A1-8C2DED24D71C}.Release|Any CPU.Build.0 = Release|Any CPU
		{DD81B09A-4FDC-4791-9071-51FC83F82574}.Debug|Any CPU.ActiveCfg = Debug|Any CPU
		{DD81B09A-4FDC-4791-9071-51FC83F82574}.Debug|Any CPU.Build.0 = Debug|Any CPU
		{DD81B09A-4FDC-4791-9071-51FC83F82574}.Release|Any CPU.ActiveCfg = Release|Any CPU
		{DD81B09A-4FDC-4791-9071-51FC83F82574}.Release|Any CPU.Build.0 = Release|Any CPU
		{2734A31B-6D5A-48AF-AFED-C6DAFC8BFD52}.Debug|Any CPU.ActiveCfg = Debug|Any CPU
		{2734A31B-6D5A-48AF-AFED-C6DAFC8BFD52}.Debug|Any CPU.Build.0 = Debug|Any CPU
		{2734A31B-6D5A-48AF-AFED-C6DAFC8BFD52}.Release|Any CPU.ActiveCfg = Release|Any CPU
		{2734A31B-6D5A-48AF-AFED-C6DAFC8BFD52}.Release|Any CPU.Build.0 = Release|Any CPU
	EndGlobalSection
	GlobalSection(SolutionProperties) = preSolution
		HideSolutionNode = FALSE
	EndGlobalSection
	GlobalSection(ExtensibilityGlobals) = postSolution
		SolutionGuid = {01A99233-B204-43D5-8BC8-C2507F37ED26}
	EndGlobalSection
EndGlobal
